
Microsoft Visual Studio Solution File, Format Version 12.00
# Visual Studio 15
VisualStudioVersion = 15.0.27130.2024
MinimumVisualStudioVersion = 10.0.40219.1
Project("{8BC9CEB8-8B4A-11D0-8D11-00A0C91BC942}") = "D3dPlay", "D3dPlay.vcxproj", "{55275929-259E-4077-A485-C9173B3BF79D}"
EndProject
Global
	GlobalSection(SolutionConfigurationPlatforms) = preSolution
		Debug|x64 = Debug|x64
		Debug|x86 = Debug|x86
		Release|x64 = Release|x64
		Release|x86 = Release|x86
	EndGlobalSection
	GlobalSection(ProjectConfigurationPlatforms) = postSolution
		{55275929-259E-4077-A485-C9173B3BF79D}.Debug|x64.ActiveCfg = Debug|x64
		{55275929-259E-4077-A485-C9173B3BF79D}.Debug|x64.Build.0 = Debug|x64
		{55275929-259E-4077-A485-C9173B3BF79D}.Debug|x86.ActiveCfg = Debug|Win32
		{55275929-259E-4077-A485-C9173B3BF79D}.Debug|x86.Build.0 = Debug|Win32
		{55275929-259E-4077-A485-C9173B3BF79D}.Release|x64.ActiveCfg = Release|x64
		{55275929-259E-4077-A485-C9173B3BF79D}.Release|x64.Build.0 = Release|x64
		{55275929-259E-4077-A485-C9173B3BF79D}.Release|x86.ActiveCfg = Release|Win32
		{55275929-259E-4077-A485-C9173B3BF79D}.Release|x86.Build.0 = Release|Win32
	EndGlobalSection
	GlobalSection(SolutionProperties) = preSolution
		HideSolutionNode = FALSE
	EndGlobalSection
	GlobalSection(ExtensibilityGlobals) = postSolution
		SolutionGuid = {BCA6FFF8-6754-4A4C-A6FA-9B99F371288B}
	EndGlobalSection
EndGlobal
